lockfileVersion: '6.0'

settings:
  autoInstallPeers: true
  excludeLinksFromLockfile: false

dependencies:
  postcss:
    specifier: ^8.4.33
    version: 8.4.33
  postcss-preset-env:
    specifier: ^9.3.0
    version: 9.3.0(postcss@8.4.33)

devDependencies:
  prettier:
    specifier: ^3.1.1
    version: 3.1.1

packages:

  /@csstools/cascade-layer-name-parser@1.0.7(@csstools/css-parser-algorithms@2.5.0)(@csstools/css-tokenizer@2.2.3):
    resolution: {integrity: sha512-9J4aMRJ7A2WRjaRLvsMeWrL69FmEuijtiW1XlK/sG+V0UJiHVYUyvj9mY4WAXfU/hGIiGOgL8e0jJcRyaZTjDQ==}
    engines: {node: ^14 || ^16 || >=18}
    peerDependencies:
      '@csstools/css-parser-algorithms': ^2.5.0
      '@csstools/css-tokenizer': ^2.2.3
    dependencies:
      '@csstools/css-parser-algorithms': 2.5.0(@csstools/css-tokenizer@2.2.3)
      '@csstools/css-tokenizer': 2.2.3
    dev: false

  /@csstools/color-helpers@4.0.0:
    resolution: {integrity: sha512-wjyXB22/h2OvxAr3jldPB7R7kjTUEzopvjitS8jWtyd8fN6xJ8vy1HnHu0ZNfEkqpBJgQ76Q+sBDshWcMvTa/w==}
    engines: {node: ^14 || ^16 || >=18}
    dev: false

  /@csstools/css-calc@1.1.6(@csstools/css-parser-algorithms@2.5.0)(@csstools/css-tokenizer@2.2.3):
    resolution: {integrity: sha512-YHPAuFg5iA4qZGzMzvrQwzkvJpesXXyIUyaONflQrjtHB+BcFFbgltJkIkb31dMGO4SE9iZFA4HYpdk7+hnYew==}
    engines: {node: ^14 || ^16 || >=18}
    peerDependencies:
      '@csstools/css-parser-algorithms': ^2.5.0
      '@csstools/css-tokenizer': ^2.2.3
    dependencies:
      '@csstools/css-parser-algorithms': 2.5.0(@csstools/css-tokenizer@2.2.3)
      '@csstools/css-tokenizer': 2.2.3
    dev: false

  /@csstools/css-color-parser@1.5.1(@csstools/css-parser-algorithms@2.5.0)(@csstools/css-tokenizer@2.2.3):
    resolution: {integrity: sha512-x+SajGB2paGrTjPOUorGi8iCztF008YMKXTn+XzGVDBEIVJ/W1121pPerpneJYGOe1m6zWLPLnzOPaznmQxKFw==}
    engines: {node: ^14 || ^16 || >=18}
    peerDependencies:
      '@csstools/css-parser-algorithms': ^2.5.0
      '@csstools/css-tokenizer': ^2.2.3
    dependencies:
      '@csstools/color-helpers': 4.0.0
      '@csstools/css-calc': 1.1.6(@csstools/css-parser-algorithms@2.5.0)(@csstools/css-tokenizer@2.2.3)
      '@csstools/css-parser-algorithms': 2.5.0(@csstools/css-tokenizer@2.2.3)
      '@csstools/css-tokenizer': 2.2.3
    dev: false

  /@csstools/css-parser-algorithms@2.5.0(@csstools/css-tokenizer@2.2.3):
    resolution: {integrity: sha512-abypo6m9re3clXA00eu5syw+oaPHbJTPapu9C4pzNsJ4hdZDzushT50Zhu+iIYXgEe1CxnRMn7ngsbV+MLrlpQ==}
    engines: {node: ^14 || ^16 || >=18}
    peerDependencies:
      '@csstools/css-tokenizer': ^2.2.3
    dependencies:
      '@csstools/css-tokenizer': 2.2.3
    dev: false

  /@csstools/css-tokenizer@2.2.3:
    resolution: {integrity: sha512-pp//EvZ9dUmGuGtG1p+n17gTHEOqu9jO+FiCUjNN3BDmyhdA2Jq9QsVeR7K8/2QCK17HSsioPlTW9ZkzoWb3Lg==}
    engines: {node: ^14 || ^16 || >=18}
    dev: false

  /@csstools/media-query-list-parser@2.1.7(@csstools/css-parser-algorithms@2.5.0)(@csstools/css-tokenizer@2.2.3):
    resolution: {integrity: sha512-lHPKJDkPUECsyAvD60joYfDmp8UERYxHGkFfyLJFTVK/ERJe0sVlIFLXU5XFxdjNDTerp5L4KeaKG+Z5S94qxQ==}
    engines: {node: ^14 || ^16 || >=18}
    peerDependencies:
      '@csstools/css-parser-algorithms': ^2.5.0
      '@csstools/css-tokenizer': ^2.2.3
    dependencies:
      '@csstools/css-parser-algorithms': 2.5.0(@csstools/css-tokenizer@2.2.3)
      '@csstools/css-tokenizer': 2.2.3
    dev: false

  /@csstools/postcss-cascade-layers@4.0.2(postcss@8.4.33):
    resolution: {integrity: sha512-PqM+jvg5T2tB4FHX+akrMGNWAygLupD4FNUjcv4PSvtVuWZ6ISxuo37m4jFGU7Jg3rCfloGzKd0+xfr5Ec3vZQ==}
    engines: {node: ^14 || ^16 || >=18}
    peerDependencies:
      postcss: ^8.4
    dependencies:
      '@csstools/selector-specificity': 3.0.1(postcss-selector-parser@6.0.15)
      postcss: 8.4.33
      postcss-selector-parser: 6.0.15
    dev: false

  /@csstools/postcss-color-function@3.0.9(postcss@8.4.33):
    resolution: {integrity: sha512-6Hbkw/4k73UH121l4LG+LNLKSvrfHqk3GHHH0A6/iFlD0xGmsWAr80Jd0VqXjfYbUTOGmJTOMMoxv3jvNxt1uw==}
    engines: {node: ^14 || ^16 || >=18}
    peerDependencies:
      postcss: ^8.4
    dependencies:
      '@csstools/css-color-parser': 1.5.1(@csstools/css-parser-algorithms@2.5.0)(@csstools/css-tokenizer@2.2.3)
      '@csstools/css-parser-algorithms': 2.5.0(@csstools/css-tokenizer@2.2.3)
      '@csstools/css-tokenizer': 2.2.3
      '@csstools/postcss-progressive-custom-properties': 3.0.3(postcss@8.4.33)
      postcss: 8.4.33
    dev: false

  /@csstools/postcss-color-mix-function@2.0.9(postcss@8.4.33):
    resolution: {integrity: sha512-fs1SOWJ/44DQSsDeJP+rxAkP2MYkCg6K4ZB8qJwFku2EjurgCAPiPZJvC6w94T1hBBinJwuMfT9qvvvniXyVgw==}
    engines: {node: ^14 || ^16 || >=18}
    peerDependencies:
      postcss: ^8.4
    dependencies:
      '@csstools/css-color-parser': 1.5.1(@csstools/css-parser-algorithms@2.5.0)(@csstools/css-tokenizer@2.2.3)
      '@csstools/css-parser-algorithms': 2.5.0(@csstools/css-tokenizer@2.2.3)
      '@csstools/css-tokenizer': 2.2.3
      '@csstools/postcss-progressive-custom-properties': 3.0.3(postcss@8.4.33)
      postcss: 8.4.33
    dev: false

  /@csstools/postcss-exponential-functions@1.0.3(postcss@8.4.33):
    resolution: {integrity: sha512-IfGtEg3eC4b8Nd/kPgO3SxgKb33YwhHVsL0eJ3UYihx6fzzAiZwNbWmVW9MZTQjZ5GacgKxa4iAHikGvpwuIjw==}
    engines: {node: ^14 || ^16 || >=18}
    peerDependencies:
      postcss: ^8.4
    dependencies:
      '@csstools/css-calc': 1.1.6(@csstools/css-parser-algorithms@2.5.0)(@csstools/css-tokenizer@2.2.3)
      '@csstools/css-parser-algorithms': 2.5.0(@csstools/css-tokenizer@2.2.3)
      '@csstools/css-tokenizer': 2.2.3
      postcss: 8.4.33
    dev: false

  /@csstools/postcss-font-format-keywords@3.0.1(postcss@8.4.33):
    resolution: {integrity: sha512-D1lcG2sfotTq6yBEOMV3myFxJLT10F3DLYZJMbiny5YToqzHWodZen8WId3UTimm0mEHitXqAUNL5jdd6RzVdA==}
    engines: {node: ^14 || ^16 || >=18}
    peerDependencies:
      postcss: ^8.4
    dependencies:
      postcss: 8.4.33
      postcss-value-parser: 4.2.0
    dev: false

  /@csstools/postcss-gamut-mapping@1.0.2(postcss@8.4.33):
    resolution: {integrity: sha512-zf9KHGM2PTuJEm4ZYg4DTmzCir38EbZBzlMPMbA4jbhLDqXHkqwnQ+Z5+UNrU8y6seVu5B4vzZmZarTFQwe+Ig==}
    engines: {node: ^14 || ^16 || >=18}
    peerDependencies:
      postcss: ^8.4
    dependencies:
      '@csstools/css-color-parser': 1.5.1(@csstools/css-parser-algorithms@2.5.0)(@csstools/css-tokenizer@2.2.3)
      '@csstools/css-parser-algorithms': 2.5.0(@csstools/css-tokenizer@2.2.3)
      '@csstools/css-tokenizer': 2.2.3
      postcss: 8.4.33
    dev: false

  /@csstools/postcss-gradients-interpolation-method@4.0.9(postcss@8.4.33):
    resolution: {integrity: sha512-PSqR6QH7h3ggOl8TsoH73kbwYTKVQjAJauGg6nDKwaGfi5IL5StV//ehrv1C7HuPsHixMTc9YoAuuv1ocT20EQ==}
    engines: {node: ^14 || ^16 || >=18}
    peerDependencies:
      postcss: ^8.4
    dependencies:
      '@csstools/css-color-parser': 1.5.1(@csstools/css-parser-algorithms@2.5.0)(@csstools/css-tokenizer@2.2.3)
      '@csstools/css-parser-algorithms': 2.5.0(@csstools/css-tokenizer@2.2.3)
      '@csstools/css-tokenizer': 2.2.3
      '@csstools/postcss-progressive-custom-properties': 3.0.3(postcss@8.4.33)
      postcss: 8.4.33
    dev: false

  /@csstools/postcss-hwb-function@3.0.8(postcss@8.4.33):
    resolution: {integrity: sha512-CRQEG372Hivmt17rm/Ho22hBQI9K/a6grzGQ21Zwc7dyspmyG0ibmPIW8hn15vJmXqWGeNq7S+L2b8/OrU7O5A==}
    engines: {node: ^14 || ^16 || >=18}
    peerDependencies:
      postcss: ^8.4
    dependencies:
      '@csstools/css-color-parser': 1.5.1(@csstools/css-parser-algorithms@2.5.0)(@csstools/css-tokenizer@2.2.3)
      '@csstools/css-parser-algorithms': 2.5.0(@csstools/css-tokenizer@2.2.3)
      '@csstools/css-tokenizer': 2.2.3
      postcss: 8.4.33
    dev: false

  /@csstools/postcss-ic-unit@3.0.3(postcss@8.4.33):
    resolution: {integrity: sha512-MpcmIL0/uMm/cFWh5V/9nbKKJ7jRr2qTYW5Q6zoE6HZ6uzOBJr2KRERv5/x8xzEBQ1MthDT7iP1EBp9luSQy7g==}
    engines: {node: ^14 || ^16 || >=18}
    peerDependencies:
      postcss: ^8.4
    dependencies:
      '@csstools/postcss-progressive-custom-properties': 3.0.3(postcss@8.4.33)
      postcss: 8.4.33
      postcss-value-parser: 4.2.0
    dev: false

  /@csstools/postcss-initial@1.0.1(postcss@8.4.33):
    resolution: {integrity: sha512-wtb+IbUIrIf8CrN6MLQuFR7nlU5C7PwuebfeEXfjthUha1+XZj2RVi+5k/lukToA24sZkYAiSJfHM8uG/UZIdg==}
    engines: {node: ^14 || ^16 || >=18}
    peerDependencies:
      postcss: ^8.4
    dependencies:
      postcss: 8.4.33
    dev: false

  /@csstools/postcss-is-pseudo-class@4.0.4(postcss@8.4.33):
    resolution: {integrity: sha512-vTVO/uZixpTVAOQt3qZRUFJ/K1L03OfNkeJ8sFNDVNdVy/zW0h1L5WT7HIPMDUkvSrxQkFaCCybTZkUP7UESlQ==}
    engines: {node: ^14 || ^16 || >=18}
    peerDependencies:
      postcss: ^8.4
    dependencies:
      '@csstools/selector-specificity': 3.0.1(postcss-selector-parser@6.0.15)
      postcss: 8.4.33
      postcss-selector-parser: 6.0.15
    dev: false

  /@csstools/postcss-logical-float-and-clear@2.0.1(postcss@8.4.33):
    resolution: {integrity: sha512-SsrWUNaXKr+e/Uo4R/uIsqJYt3DaggIh/jyZdhy/q8fECoJSKsSMr7nObSLdvoULB69Zb6Bs+sefEIoMG/YfOA==}
    engines: {node: ^14 || ^16 || >=18}
    peerDependencies:
      postcss: ^8.4
    dependencies:
      postcss: 8.4.33
    dev: false

  /@csstools/postcss-logical-overflow@1.0.1(postcss@8.4.33):
    resolution: {integrity: sha512-Kl4lAbMg0iyztEzDhZuQw8Sj9r2uqFDcU1IPl+AAt2nue8K/f1i7ElvKtXkjhIAmKiy5h2EY8Gt/Cqg0pYFDCw==}
    engines: {node: ^14 || ^16 || >=18}
    peerDependencies:
      postcss: ^8.4
    dependencies:
      postcss: 8.4.33
    dev: false

  /@csstools/postcss-logical-overscroll-behavior@1.0.1(postcss@8.4.33):
    resolution: {integrity: sha512-+kHamNxAnX8ojPCtV8WPcUP3XcqMFBSDuBuvT6MHgq7oX4IQxLIXKx64t7g9LiuJzE7vd06Q9qUYR6bh4YnGpQ==}
    engines: {node: ^14 || ^16 || >=18}
    peerDependencies:
      postcss: ^8.4
    dependencies:
      postcss: 8.4.33
    dev: false

  /@csstools/postcss-logical-resize@2.0.1(postcss@8.4.33):
    resolution: {integrity: sha512-W5Gtwz7oIuFcKa5SmBjQ2uxr8ZoL7M2bkoIf0T1WeNqljMkBrfw1DDA8/J83k57NQ1kcweJEjkJ04pUkmyee3A==}
    engines: {node: ^14 || ^16 || >=18}
    peerDependencies:
      postcss: ^8.4
    dependencies:
      postcss: 8.4.33
      postcss-value-parser: 4.2.0
    dev: false

  /@csstools/postcss-logical-viewport-units@2.0.5(postcss@8.4.33):
    resolution: {integrity: sha512-2fjSamKN635DSW6fEoyNd2Bkpv3FVblUpgk5cpghIgPW1aDHZE2SYfZK5xQALvjMYZVjfqsD5EbXA7uDVBQVQA==}
    engines: {node: ^14 || ^16 || >=18}
    peerDependencies:
      postcss: ^8.4
    dependencies:
      '@csstools/css-tokenizer': 2.2.3
      postcss: 8.4.33
    dev: false

  /@csstools/postcss-media-minmax@1.1.2(postcss@8.4.33):
    resolution: {integrity: sha512-7qTRTJxW96u2yiEaTep1+8nto1O/rEDacewKqH+Riq5E6EsHTOmGHxkB4Se5Ic5xgDC4I05lLZxzzxnlnSypxA==}
    engines: {node: ^14 || ^16 || >=18}
    peerDependencies:
      postcss: ^8.4
    dependencies:
      '@csstools/css-calc': 1.1.6(@csstools/css-parser-algorithms@2.5.0)(@csstools/css-tokenizer@2.2.3)
      '@csstools/css-parser-algorithms': 2.5.0(@csstools/css-tokenizer@2.2.3)
      '@csstools/css-tokenizer': 2.2.3
      '@csstools/media-query-list-parser': 2.1.7(@csstools/css-parser-algorithms@2.5.0)(@csstools/css-tokenizer@2.2.3)
      postcss: 8.4.33
    dev: false

  /@csstools/postcss-media-queries-aspect-ratio-number-values@2.0.5(postcss@8.4.33):
    resolution: {integrity: sha512-XHMPasWYPWa9XaUHXU6Iq0RLfoAI+nvGTPj51hOizNsHaAyFiq2SL4JvF1DU8lM6B70+HVzKM09Isbyrr755Bw==}
    engines: {node: ^14 || ^16 || >=18}
    peerDependencies:
      postcss: ^8.4
    dependencies:
      '@csstools/css-parser-algorithms': 2.5.0(@csstools/css-tokenizer@2.2.3)
      '@csstools/css-tokenizer': 2.2.3
      '@csstools/media-query-list-parser': 2.1.7(@csstools/css-parser-algorithms@2.5.0)(@csstools/css-tokenizer@2.2.3)
      postcss: 8.4.33
    dev: false

  /@csstools/postcss-nested-calc@3.0.1(postcss@8.4.33):
    resolution: {integrity: sha512-bwwababZpWRm0ByHaWBxTsDGTMhZKmtUNl3Wt0Eom8AY7ORgXx5qF9SSk1vEFrCi+HOfJT6M6W5KPgzXuQNRwQ==}
    engines: {node: ^14 || ^16 || >=18}
    peerDependencies:
      postcss: ^8.4
    dependencies:
      postcss: 8.4.33
      postcss-value-parser: 4.2.0
    dev: false

  /@csstools/postcss-normalize-display-values@3.0.2(postcss@8.4.33):
    resolution: {integrity: sha512-fCapyyT/dUdyPtrelQSIV+d5HqtTgnNP/BEG9IuhgXHt93Wc4CfC1bQ55GzKAjWrZbgakMQ7MLfCXEf3rlZJOw==}
    engines: {node: ^14 || ^16 || >=18}
    peerDependencies:
      postcss: ^8.4
    dependencies:
      postcss: 8.4.33
      postcss-value-parser: 4.2.0
    dev: false

  /@csstools/postcss-oklab-function@3.0.9(postcss@8.4.33):
    resolution: {integrity: sha512-l639gpcBfL3ogJe+og1M5FixQn8iGX8+29V7VtTSCUB37VzpzOC05URfde7INIdiJT65DkHzgdJ64/QeYggU8A==}
    engines: {node: ^14 || ^16 || >=18}
    peerDependencies:
      postcss: ^8.4
    dependencies:
      '@csstools/css-color-parser': 1.5.1(@csstools/css-parser-algorithms@2.5.0)(@csstools/css-tokenizer@2.2.3)
      '@csstools/css-parser-algorithms': 2.5.0(@csstools/css-tokenizer@2.2.3)
      '@csstools/css-tokenizer': 2.2.3
      '@csstools/postcss-progressive-custom-properties': 3.0.3(postcss@8.4.33)
      postcss: 8.4.33
    dev: false

  /@csstools/postcss-progressive-custom-properties@3.0.3(postcss@8.4.33):
    resolution: {integrity: sha512-WipTVh6JTMQfeIrzDV4wEPsV9NTzMK2jwXxyH6CGBktuWdivHnkioP/smp1x/0QDPQyx7NTS14RB+GV3zZZYEw==}
    engines: {node: ^14 || ^16 || >=18}
    peerDependencies:
      postcss: ^8.4
    dependencies:
      postcss: 8.4.33
      postcss-value-parser: 4.2.0
    dev: false

  /@csstools/postcss-relative-color-syntax@2.0.9(postcss@8.4.33):
    resolution: {integrity: sha512-2UoaRd2iIuzUGtYgteN5fJ0s+OfCiV7PvCnw8MCh3om8+SeVinfG8D5sqBOvImxFVfrp6k60XF5RFlH6oc//fg==}
    engines: {node: ^14 || ^16 || >=18}
    peerDependencies:
      postcss: ^8.4
    dependencies:
      '@csstools/css-color-parser': 1.5.1(@csstools/css-parser-algorithms@2.5.0)(@csstools/css-tokenizer@2.2.3)
      '@csstools/css-parser-algorithms': 2.5.0(@csstools/css-tokenizer@2.2.3)
      '@csstools/css-tokenizer': 2.2.3
      '@csstools/postcss-progressive-custom-properties': 3.0.3(postcss@8.4.33)
      postcss: 8.4.33
    dev: false

  /@csstools/postcss-scope-pseudo-class@3.0.1(postcss@8.4.33):
    resolution: {integrity: sha512-3ZFonK2gfgqg29gUJ2w7xVw2wFJ1eNWVDONjbzGkm73gJHVCYK5fnCqlLr+N+KbEfv2XbWAO0AaOJCFB6Fer6A==}
    engines: {node: ^14 || ^16 || >=18}
    peerDependencies:
      postcss: ^8.4
    dependencies:
      postcss: 8.4.33
      postcss-selector-parser: 6.0.15
    dev: false

  /@csstools/postcss-stepped-value-functions@3.0.4(postcss@8.4.33):
    resolution: {integrity: sha512-gyNQ2YaOVXPqLR737XtReRPVu7DGKBr9JBDLoiH1T+N1ggV3r4HotRCOC1l6rxVC0zOuU1KiOzUn9Z5W838/rg==}
    engines: {node: ^14 || ^16 || >=18}
    peerDependencies:
      postcss: ^8.4
    dependencies:
      '@csstools/css-calc': 1.1.6(@csstools/css-parser-algorithms@2.5.0)(@csstools/css-tokenizer@2.2.3)
      '@csstools/css-parser-algorithms': 2.5.0(@csstools/css-tokenizer@2.2.3)
      '@csstools/css-tokenizer': 2.2.3
      postcss: 8.4.33
    dev: false

  /@csstools/postcss-text-decoration-shorthand@3.0.4(postcss@8.4.33):
    resolution: {integrity: sha512-yUZmbnUemgQmja7SpOZeU45+P49wNEgQguRdyTktFkZsHf7Gof+ZIYfvF6Cm+LsU1PwSupy4yUeEKKjX5+k6cQ==}
    engines: {node: ^14 || ^16 || >=18}
    peerDependencies:
      postcss: ^8.4
    dependencies:
      '@csstools/color-helpers': 4.0.0
      postcss: 8.4.33
      postcss-value-parser: 4.2.0
    dev: false

  /@csstools/postcss-trigonometric-functions@3.0.4(postcss@8.4.33):
    resolution: {integrity: sha512-qj4Cxth6c38iNYzfJJWAxt8jsLrZaMVmbfGDDLOlI2YJeZoC3A5Su6/Kr7oXaPFRuspUu+4EQHngOktqVHWfVg==}
    engines: {node: ^14 || ^16 || >=18}
    peerDependencies:
      postcss: ^8.4
    dependencies:
      '@csstools/css-calc': 1.1.6(@csstools/css-parser-algorithms@2.5.0)(@csstools/css-tokenizer@2.2.3)
      '@csstools/css-parser-algorithms': 2.5.0(@csstools/css-tokenizer@2.2.3)
      '@csstools/css-tokenizer': 2.2.3
      postcss: 8.4.33
    dev: false

  /@csstools/postcss-unset-value@3.0.1(postcss@8.4.33):
    resolution: {integrity: sha512-dbDnZ2ja2U8mbPP0Hvmt2RMEGBiF1H7oY6HYSpjteXJGihYwgxgTr6KRbbJ/V6c+4wd51M+9980qG4gKVn5ttg==}
    engines: {node: ^14 || ^16 || >=18}
    peerDependencies:
      postcss: ^8.4
    dependencies:
      postcss: 8.4.33
    dev: false

  /@csstools/selector-specificity@3.0.1(postcss-selector-parser@6.0.15):
    resolution: {integrity: sha512-NPljRHkq4a14YzZ3YD406uaxh7s0g6eAq3L9aLOWywoqe8PkYamAvtsh7KNX6c++ihDrJ0RiU+/z7rGnhlZ5ww==}
    engines: {node: ^14 || ^16 || >=18}
    peerDependencies:
      postcss-selector-parser: ^6.0.13
    dependencies:
      postcss-selector-parser: 6.0.15
    dev: false

  /autoprefixer@10.4.16(postcss@8.4.33):
    resolution: {integrity: sha512-7vd3UC6xKp0HLfua5IjZlcXvGAGy7cBAXTg2lyQ/8WpNhd6SiZ8Be+xm3FyBSYJx5GKcpRCzBh7RH4/0dnY+uQ==}
    engines: {node: ^10 || ^12 || >=14}
    hasBin: true
    peerDependencies:
      postcss: ^8.1.0
    dependencies:
      browserslist: 4.22.2
      caniuse-lite: 1.0.30001574
      fraction.js: 4.3.7
      normalize-range: 0.1.2
      picocolors: 1.0.0
      postcss: 8.4.33
      postcss-value-parser: 4.2.0
    dev: false

  /browserslist@4.22.2:
    resolution: {integrity: sha512-0UgcrvQmBDvZHFGdYUehrCNIazki7/lUP3kkoi/r3YB2amZbFM9J43ZRkJTXBUZK4gmx56+Sqk9+Vs9mwZx9+A==}
    engines: {node: ^6 || ^7 || ^8 || ^9 || ^10 || ^11 || ^12 || >=13.7}
    hasBin: true
    dependencies:
      caniuse-lite: 1.0.30001574
      electron-to-chromium: 1.4.622
      node-releases: 2.0.14
      update-browserslist-db: 1.0.13(browserslist@4.22.2)
    dev: false

  /caniuse-lite@1.0.30001574:
    resolution: {integrity: sha512-BtYEK4r/iHt/txm81KBudCUcTy7t+s9emrIaHqjYurQ10x71zJ5VQ9x1dYPcz/b+pKSp4y/v1xSI67A+LzpNyg==}
    dev: false

  /css-blank-pseudo@6.0.1(postcss@8.4.33):
    resolution: {integrity: sha512-goSnEITByxTzU4Oh5oJZrEWudxTqk7L6IXj1UW69pO6Hv0UdX+Vsrt02FFu5DweRh2bLu6WpX/+zsQCu5O1gKw==}
    engines: {node: ^14 || ^16 || >=18}
    peerDependencies:
      postcss: ^8.4
    dependencies:
      postcss: 8.4.33
      postcss-selector-parser: 6.0.15
    dev: false

  /css-has-pseudo@6.0.1(postcss@8.4.33):
    resolution: {integrity: sha512-WwoVKqNxApfEI7dWFyaHoeFCcUPD+lPyjL6lNpRUNX7IyIUuVpawOTwwA5D0ZR6V2xQZonNPVj8kEcxzEaAQfQ==}
    engines: {node: ^14 || ^16 || >=18}
    peerDependencies:
      postcss: ^8.4
    dependencies:
      '@csstools/selector-specificity': 3.0.1(postcss-selector-parser@6.0.15)
      postcss: 8.4.33
      postcss-selector-parser: 6.0.15
      postcss-value-parser: 4.2.0
    dev: false

  /css-prefers-color-scheme@9.0.1(postcss@8.4.33):
    resolution: {integrity: sha512-iFit06ochwCKPRiWagbTa1OAWCvWWVdEnIFd8BaRrgO8YrrNh4RAWUQTFcYX5tdFZgFl1DJ3iiULchZyEbnF4g==}
    engines: {node: ^14 || ^16 || >=18}
    peerDependencies:
      postcss: ^8.4
    dependencies:
      postcss: 8.4.33
    dev: false

  /cssdb@7.10.0:
    resolution: {integrity: sha512-yGZ5tmA57gWh/uvdQBHs45wwFY0IBh3ypABk5sEubPBPSzXzkNgsWReqx7gdx6uhC+QoFBe+V8JwBB9/hQ6cIA==}
    dev: false

  /cssesc@3.0.0:
    resolution: {integrity: sha512-/Tb/JcjK111nNScGob5MNtsntNM1aCNUDipB/TkwZFhyDrrE47SOx/18wF2bbjgc3ZzCSKW1T5nt5EbFoAz/Vg==}
    engines: {node: '>=4'}
    hasBin: true
    dev: false

  /electron-to-chromium@1.4.622:
    resolution: {integrity: sha512-GZ47DEy0Gm2Z8RVG092CkFvX7SdotG57c4YZOe8W8qD4rOmk3plgeNmiLVRHP/Liqj1wRiY3uUUod9vb9hnxZA==}
    dev: false

  /escalade@3.1.1:
    resolution: {integrity: sha512-k0er2gUkLf8O0zKJiAhmkTnJlTvINGv7ygDNPbeIsX/TJjGJZHuh9B2UxbsaEkmlEo9MfhrSzmhIlhRlI2GXnw==}
    engines: {node: '>=6'}
    dev: false

  /fraction.js@4.3.7:
    resolution: {integrity: sha512-ZsDfxO51wGAXREY55a7la9LScWpwv9RxIrYABrlvOFBlH/ShPnrtsXeuUIfXKKOVicNxQ+o8JTbJvjS4M89yew==}
    dev: false

  /nanoid@3.3.7:
    resolution: {integrity: sha512-eSRppjcPIatRIMC1U6UngP8XFcz8MQWGQdt1MTBQ7NaAmvXDfvNxbvWV3x2y6CdEUciCSsDHDQZbhYaB8QEo2g==}
    engines: {node: ^10 || ^12 || ^13.7 || ^14 || >=15.0.1}
    hasBin: true
    dev: false

  /node-releases@2.0.14:
    resolution: {integrity: sha512-y10wOWt8yZpqXmOgRo77WaHEmhYQYGNA6y421PKsKYWEK8aW+cqAphborZDhqfyKrbZEN92CN1X2KbafY2s7Yw==}
    dev: false

  /normalize-range@0.1.2:
    resolution: {integrity: sha512-bdok/XvKII3nUpklnV6P2hxtMNrCboOjAcyBuQnWEhO665FwrSNRxU+AqpsyvO6LgGYPspN+lu5CLtw4jPRKNA==}
    engines: {node: '>=0.10.0'}
    dev: false

  /picocolors@1.0.0:
    resolution: {integrity: sha512-1fygroTLlHu66zi26VoTDv8yRgm0Fccecssto+MhsZ0D/DGW2sm8E8AjW7NU5VVTRt5GxbeZ5qBuJr+HyLYkjQ==}
    dev: false

  /postcss-attribute-case-insensitive@6.0.2(postcss@8.4.33):
    resolution: {integrity: sha512-IRuCwwAAQbgaLhxQdQcIIK0dCVXg3XDUnzgKD8iwdiYdwU4rMWRWyl/W9/0nA4ihVpq5pyALiHB2veBJ0292pw==}
    engines: {node: ^14 || ^16 || >=18}
    peerDependencies:
      postcss: ^8.4
    dependencies:
      postcss: 8.4.33
      postcss-selector-parser: 6.0.15
    dev: false

  /postcss-clamp@4.1.0(postcss@8.4.33):
    resolution: {integrity: sha512-ry4b1Llo/9zz+PKC+030KUnPITTJAHeOwjfAyyB60eT0AorGLdzp52s31OsPRHRf8NchkgFoG2y6fCfn1IV1Ow==}
    engines: {node: '>=7.6.0'}
    peerDependencies:
      postcss: ^8.4.6
    dependencies:
      postcss: 8.4.33
      postcss-value-parser: 4.2.0
    dev: false

  /postcss-color-functional-notation@6.0.4(postcss@8.4.33):
    resolution: {integrity: sha512-YBzfVvVUNR4U3N0imzU1NPKCuwxzfHJkEP6imJxzsJ8LozRKeej9mWmg9Ef1ovJdb0xrGTRVzUxgTrMun5iw/Q==}
    engines: {node: ^14 || ^16 || >=18}
    peerDependencies:
      postcss: ^8.4
    dependencies:
      '@csstools/css-color-parser': 1.5.1(@csstools/css-parser-algorithms@2.5.0)(@csstools/css-tokenizer@2.2.3)
      '@csstools/css-parser-algorithms': 2.5.0(@csstools/css-tokenizer@2.2.3)
      '@csstools/css-tokenizer': 2.2.3
      '@csstools/postcss-progressive-custom-properties': 3.0.3(postcss@8.4.33)
      postcss: 8.4.33
    dev: false

  /postcss-color-hex-alpha@9.0.3(postcss@8.4.33):
    resolution: {integrity: sha512-7sEHU4tAS6htlxun8AB9LDrCXoljxaC34tFVRlYKcvO+18r5fvGiXgv5bQzN40+4gXLCyWSMRK5FK31244WcCA==}
    engines: {node: ^14 || ^16 || >=18}
    peerDependencies:
      postcss: ^8.4
    dependencies:
      postcss: 8.4.33
      postcss-value-parser: 4.2.0
    dev: false

  /postcss-color-rebeccapurple@9.0.2(postcss@8.4.33):
    resolution: {integrity: sha512-f+RDEAPW2m8UbJWkSpRfV+QxhSaQhDMihI75DVGJJh4oRIoegjheeRtINFJum9D8BqGJcvD4GLjggTvCwZ4zuA==}
    engines: {node: ^14 || ^16 || >=18}
    peerDependencies:
      postcss: ^8.4
    dependencies:
      postcss: 8.4.33
      postcss-value-parser: 4.2.0
    dev: false

  /postcss-custom-media@10.0.2(postcss@8.4.33):
    resolution: {integrity: sha512-zcEFNRmDm2fZvTPdI1pIW3W//UruMcLosmMiCdpQnrCsTRzWlKQPYMa1ud9auL0BmrryKK1+JjIGn19K0UjO/w==}
    engines: {node: ^14 || ^16 || >=18}
    peerDependencies:
      postcss: ^8.4
    dependencies:
      '@csstools/cascade-layer-name-parser': 1.0.7(@csstools/css-parser-algorithms@2.5.0)(@csstools/css-tokenizer@2.2.3)
      '@csstools/css-parser-algorithms': 2.5.0(@csstools/css-tokenizer@2.2.3)
      '@csstools/css-tokenizer': 2.2.3
      '@csstools/media-query-list-parser': 2.1.7(@csstools/css-parser-algorithms@2.5.0)(@csstools/css-tokenizer@2.2.3)
      postcss: 8.4.33
    dev: false

  /postcss-custom-properties@13.3.4(postcss@8.4.33):
    resolution: {integrity: sha512-9YN0gg9sG3OH+Z9xBrp2PWRb+O4msw+5Sbp3ZgqrblrwKspXVQe5zr5sVqi43gJGwW/Rv1A483PRQUzQOEewvA==}
    engines: {node: ^14 || ^16 || >=18}
    peerDependencies:
      postcss: ^8.4
    dependencies:
      '@csstools/cascade-layer-name-parser': 1.0.7(@csstools/css-parser-algorithms@2.5.0)(@csstools/css-tokenizer@2.2.3)
      '@csstools/css-parser-algorithms': 2.5.0(@csstools/css-tokenizer@2.2.3)
      '@csstools/css-tokenizer': 2.2.3
      postcss: 8.4.33
      postcss-value-parser: 4.2.0
    dev: false

  /postcss-custom-selectors@7.1.6(postcss@8.4.33):
    resolution: {integrity: sha512-svsjWRaxqL3vAzv71dV0/65P24/FB8TbPX+lWyyf9SZ7aZm4S4NhCn7N3Bg+Z5sZunG3FS8xQ80LrCU9hb37cw==}
    engines: {node: ^14 || ^16 || >=18}
    peerDependencies:
      postcss: ^8.4
    dependencies:
      '@csstools/cascade-layer-name-parser': 1.0.7(@csstools/css-parser-algorithms@2.5.0)(@csstools/css-tokenizer@2.2.3)
      '@csstools/css-parser-algorithms': 2.5.0(@csstools/css-tokenizer@2.2.3)
      '@csstools/css-tokenizer': 2.2.3
      postcss: 8.4.33
      postcss-selector-parser: 6.0.15
    dev: false

  /postcss-dir-pseudo-class@8.0.1(postcss@8.4.33):
    resolution: {integrity: sha512-uULohfWBBVoFiZXgsQA24JV6FdKIidQ+ZqxOouhWwdE+qJlALbkS5ScB43ZTjPK+xUZZhlaO/NjfCt5h4IKUfw==}
    engines: {node: ^14 || ^16 || >=18}
    peerDependencies:
      postcss: ^8.4
    dependencies:
      postcss: 8.4.33
      postcss-selector-parser: 6.0.15
    dev: false

  /postcss-double-position-gradients@5.0.3(postcss@8.4.33):
    resolution: {integrity: sha512-QKYpwmaSm6HcdS0ndAuWSNNMv78R1oSySoh3mYBmctHWr2KWcwPJVakdOyU4lvFVW0GRu9wfIQwGeM4p3xU9ow==}
    engines: {node: ^14 || ^16 || >=18}
    peerDependencies:
      postcss: ^8.4
    dependencies:
      '@csstools/postcss-progressive-custom-properties': 3.0.3(postcss@8.4.33)
      postcss: 8.4.33
      postcss-value-parser: 4.2.0
    dev: false

  /postcss-focus-visible@9.0.1(postcss@8.4.33):
    resolution: {integrity: sha512-N2VQ5uPz3Z9ZcqI5tmeholn4d+1H14fKXszpjogZIrFbhaq0zNAtq8sAnw6VLiqGbL8YBzsnu7K9bBkTqaRimQ==}
    engines: {node: ^14 || ^16 || >=18}
    peerDependencies:
      postcss: ^8.4
    dependencies:
      postcss: 8.4.33
      postcss-selector-parser: 6.0.15
    dev: false

  /postcss-focus-within@8.0.1(postcss@8.4.33):
    resolution: {integrity: sha512-NFU3xcY/xwNaapVb+1uJ4n23XImoC86JNwkY/uduytSl2s9Ekc2EpzmRR63+ExitnW3Mab3Fba/wRPCT5oDILA==}
    engines: {node: ^14 || ^16 || >=18}
    peerDependencies:
      postcss: ^8.4
    dependencies:
      postcss: 8.4.33
      postcss-selector-parser: 6.0.15
    dev: false

  /postcss-font-variant@5.0.0(postcss@8.4.33):
    resolution: {integrity: sha512-1fmkBaCALD72CK2a9i468mA/+tr9/1cBxRRMXOUaZqO43oWPR5imcyPjXwuv7PXbCid4ndlP5zWhidQVVa3hmA==}
    peerDependencies:
      postcss: ^8.1.0
    dependencies:
      postcss: 8.4.33
    dev: false

  /postcss-gap-properties@5.0.1(postcss@8.4.33):
    resolution: {integrity: sha512-k2z9Cnngc24c0KF4MtMuDdToROYqGMMUQGcE6V0odwjHyOHtaDBlLeRBV70y9/vF7KIbShrTRZ70JjsI1BZyWw==}
    engines: {node: ^14 || ^16 || >=18}
    peerDependencies:
      postcss: ^8.4
    dependencies:
      postcss: 8.4.33
    dev: false

  /postcss-image-set-function@6.0.2(postcss@8.4.33):
    resolution: {integrity: sha512-/O1xwqpJiz/apxGQi7UUfv1xUcorvkHZfvCYHPpRxxZj2WvjD0rg0+/+c+u5/Do5CpUg3XvfYxMrhcnjW1ArDQ==}
    engines: {node: ^14 || ^16 || >=18}
    peerDependencies:
      postcss: ^8.4
    dependencies:
      postcss: 8.4.33
      postcss-value-parser: 4.2.0
    dev: false

  /postcss-lab-function@6.0.9(postcss@8.4.33):
    resolution: {integrity: sha512-PKFAVTBEWJYsoSTD7Kp/OzeiMsXaLX39Pv75XgUyF5VrbMfeTw+JqCGsvDP3dPhclh6BemdCFHcjXBG9gO4UCg==}
    engines: {node: ^14 || ^16 || >=18}
    peerDependencies:
      postcss: ^8.4
    dependencies:
      '@csstools/css-color-parser': 1.5.1(@csstools/css-parser-algorithms@2.5.0)(@csstools/css-tokenizer@2.2.3)
      '@csstools/css-parser-algorithms': 2.5.0(@csstools/css-tokenizer@2.2.3)
      '@csstools/css-tokenizer': 2.2.3
      '@csstools/postcss-progressive-custom-properties': 3.0.3(postcss@8.4.33)
      postcss: 8.4.33
    dev: false

  /postcss-logical@7.0.1(postcss@8.4.33):
    resolution: {integrity: sha512-8GwUQZE0ri0K0HJHkDv87XOLC8DE0msc+HoWLeKdtjDZEwpZ5xuK3QdV6FhmHSQW40LPkg43QzvATRAI3LsRkg==}
    engines: {node: ^14 || ^16 || >=18}
    peerDependencies:
      postcss: ^8.4
    dependencies:
      postcss: 8.4.33
      postcss-value-parser: 4.2.0
    dev: false

  /postcss-nesting@12.0.2(postcss@8.4.33):
    resolution: {integrity: sha512-63PpJHSeNs93S3ZUIyi+7kKx4JqOIEJ6QYtG3x+0qA4J03+4n0iwsyA1GAHyWxsHYljQS4/4ZK1o2sMi70b5wQ==}
    engines: {node: ^14 || ^16 || >=18}
    peerDependencies:
      postcss: ^8.4
    dependencies:
      '@csstools/selector-specificity': 3.0.1(postcss-selector-parser@6.0.15)
      postcss: 8.4.33
      postcss-selector-parser: 6.0.15
    dev: false

  /postcss-opacity-percentage@2.0.0(postcss@8.4.33):
    resolution: {integrity: sha512-lyDrCOtntq5Y1JZpBFzIWm2wG9kbEdujpNt4NLannF+J9c8CgFIzPa80YQfdza+Y+yFfzbYj/rfoOsYsooUWTQ==}
    engines: {node: ^14 || ^16 || >=18}
    peerDependencies:
      postcss: ^8.2
    dependencies:
      postcss: 8.4.33
    dev: false

  /postcss-overflow-shorthand@5.0.1(postcss@8.4.33):
    resolution: {integrity: sha512-XzjBYKLd1t6vHsaokMV9URBt2EwC9a7nDhpQpjoPk2HRTSQfokPfyAS/Q7AOrzUu6q+vp/GnrDBGuj/FCaRqrQ==}
    engines: {node: ^14 || ^16 || >=18}
    peerDependencies:
      postcss: ^8.4
    dependencies:
      postcss: 8.4.33
      postcss-value-parser: 4.2.0
    dev: false

  /postcss-page-break@3.0.4(postcss@8.4.33):
    resolution: {integrity: sha512-1JGu8oCjVXLa9q9rFTo4MbeeA5FMe00/9C7lN4va606Rdb+HkxXtXsmEDrIraQ11fGz/WvKWa8gMuCKkrXpTsQ==}
    peerDependencies:
      postcss: ^8
    dependencies:
      postcss: 8.4.33
    dev: false

  /postcss-place@9.0.1(postcss@8.4.33):
    resolution: {integrity: sha512-JfL+paQOgRQRMoYFc2f73pGuG/Aw3tt4vYMR6UA3cWVMxivviPTnMFnFTczUJOA4K2Zga6xgQVE+PcLs64WC8Q==}
    engines: {node: ^14 || ^16 || >=18}
    peerDependencies:
      postcss: ^8.4
    dependencies:
      postcss: 8.4.33
      postcss-value-parser: 4.2.0
    dev: false

  /postcss-preset-env@9.3.0(postcss@8.4.33):
    resolution: {integrity: sha512-ycw6doPrqV6QxDCtgiyGDef61bEfiSc59HGM4gOw/wxQxmKnhuEery61oOC/5ViENz/ycpRsuhTexs1kUBTvVw==}
    engines: {node: ^14 || ^16 || >=18}
    peerDependencies:
      postcss: ^8.4
    dependencies:
      '@csstools/postcss-cascade-layers': 4.0.2(postcss@8.4.33)
      '@csstools/postcss-color-function': 3.0.9(postcss@8.4.33)
      '@csstools/postcss-color-mix-function': 2.0.9(postcss@8.4.33)
      '@csstools/postcss-exponential-functions': 1.0.3(postcss@8.4.33)
      '@csstools/postcss-font-format-keywords': 3.0.1(postcss@8.4.33)
      '@csstools/postcss-gamut-mapping': 1.0.2(postcss@8.4.33)
      '@csstools/postcss-gradients-interpolation-method': 4.0.9(postcss@8.4.33)
      '@csstools/postcss-hwb-function': 3.0.8(postcss@8.4.33)
      '@csstools/postcss-ic-unit': 3.0.3(postcss@8.4.33)
      '@csstools/postcss-initial': 1.0.1(postcss@8.4.33)
      '@csstools/postcss-is-pseudo-class': 4.0.4(postcss@8.4.33)
      '@csstools/postcss-logical-float-and-clear': 2.0.1(postcss@8.4.33)
      '@csstools/postcss-logical-overflow': 1.0.1(postcss@8.4.33)
      '@csstools/postcss-logical-overscroll-behavior': 1.0.1(postcss@8.4.33)
      '@csstools/postcss-logical-resize': 2.0.1(postcss@8.4.33)
      '@csstools/postcss-logical-viewport-units': 2.0.5(postcss@8.4.33)
      '@csstools/postcss-media-minmax': 1.1.2(postcss@8.4.33)
      '@csstools/postcss-media-queries-aspect-ratio-number-values': 2.0.5(postcss@8.4.33)
      '@csstools/postcss-nested-calc': 3.0.1(postcss@8.4.33)
      '@csstools/postcss-normalize-display-values': 3.0.2(postcss@8.4.33)
      '@csstools/postcss-oklab-function': 3.0.9(postcss@8.4.33)
      '@csstools/postcss-progressive-custom-properties': 3.0.3(postcss@8.4.33)
      '@csstools/postcss-relative-color-syntax': 2.0.9(postcss@8.4.33)
      '@csstools/postcss-scope-pseudo-class': 3.0.1(postcss@8.4.33)
      '@csstools/postcss-stepped-value-functions': 3.0.4(postcss@8.4.33)
      '@csstools/postcss-text-decoration-shorthand': 3.0.4(postcss@8.4.33)
      '@csstools/postcss-trigonometric-functions': 3.0.4(postcss@8.4.33)
      '@csstools/postcss-unset-value': 3.0.1(postcss@8.4.33)
      autoprefixer: 10.4.16(postcss@8.4.33)
      browserslist: 4.22.2
      css-blank-pseudo: 6.0.1(postcss@8.4.33)
      css-has-pseudo: 6.0.1(postcss@8.4.33)
      css-prefers-color-scheme: 9.0.1(postcss@8.4.33)
      cssdb: 7.10.0
      postcss: 8.4.33
      postcss-attribute-case-insensitive: 6.0.2(postcss@8.4.33)
      postcss-clamp: 4.1.0(postcss@8.4.33)
      postcss-color-functional-notation: 6.0.4(postcss@8.4.33)
      postcss-color-hex-alpha: 9.0.3(postcss@8.4.33)
      postcss-color-rebeccapurple: 9.0.2(postcss@8.4.33)
      postcss-custom-media: 10.0.2(postcss@8.4.33)
      postcss-custom-properties: 13.3.4(postcss@8.4.33)
      postcss-custom-selectors: 7.1.6(postcss@8.4.33)
      postcss-dir-pseudo-class: 8.0.1(postcss@8.4.33)
      postcss-double-position-gradients: 5.0.3(postcss@8.4.33)
      postcss-focus-visible: 9.0.1(postcss@8.4.33)
      postcss-focus-within: 8.0.1(postcss@8.4.33)
      postcss-font-variant: 5.0.0(postcss@8.4.33)
      postcss-gap-properties: 5.0.1(postcss@8.4.33)
      postcss-image-set-function: 6.0.2(postcss@8.4.33)
      postcss-lab-function: 6.0.9(postcss@8.4.33)
      postcss-logical: 7.0.1(postcss@8.4.33)
      postcss-nesting: 12.0.2(postcss@8.4.33)
      postcss-opacity-percentage: 2.0.0(postcss@8.4.33)
      postcss-overflow-shorthand: 5.0.1(postcss@8.4.33)
      postcss-page-break: 3.0.4(postcss@8.4.33)
      postcss-place: 9.0.1(postcss@8.4.33)
      postcss-pseudo-class-any-link: 9.0.1(postcss@8.4.33)
      postcss-replace-overflow-wrap: 4.0.0(postcss@8.4.33)
      postcss-selector-not: 7.0.1(postcss@8.4.33)
      postcss-value-parser: 4.2.0
    dev: false

  /postcss-pseudo-class-any-link@9.0.1(postcss@8.4.33):
    resolution: {integrity: sha512-cKYGGZ9yzUZi+dZd7XT2M8iSDfo+T2Ctbpiizf89uBTBfIpZpjvTavzIJXpCReMVXSKROqzpxClNu6fz4DHM0Q==}
    engines: {node: ^14 || ^16 || >=18}
    peerDependencies:
      postcss: ^8.4
    dependencies:
      postcss: 8.4.33
      postcss-selector-parser: 6.0.15
    dev: false

  /postcss-replace-overflow-wrap@4.0.0(postcss@8.4.33):
    resolution: {integrity: sha512-KmF7SBPphT4gPPcKZc7aDkweHiKEEO8cla/GjcBK+ckKxiZslIu3C4GCRW3DNfL0o7yW7kMQu9xlZ1kXRXLXtw==}
    peerDependencies:
      postcss: ^8.0.3
    dependencies:
      postcss: 8.4.33
    dev: false

  /postcss-selector-not@7.0.1(postcss@8.4.33):
    resolution: {integrity: sha512-1zT5C27b/zeJhchN7fP0kBr16Cc61mu7Si9uWWLoA3Px/D9tIJPKchJCkUH3tPO5D0pCFmGeApAv8XpXBQJ8SQ==}
    engines: {node: ^14 || ^16 || >=18}
    peerDependencies:
      postcss: ^8.4
    dependencies:
      postcss: 8.4.33
      postcss-selector-parser: 6.0.15
    dev: false

  /postcss-selector-parser@6.0.15:
    resolution: {integrity: sha512-rEYkQOMUCEMhsKbK66tbEU9QVIxbhN18YiniAwA7XQYTVBqrBy+P2p5JcdqsHgKM2zWylp8d7J6eszocfds5Sw==}
    engines: {node: '>=4'}
    dependencies:
      cssesc: 3.0.0
      util-deprecate: 1.0.2
    dev: false

  /postcss-value-parser@4.2.0:
    resolution: {integrity: sha512-1NNCs6uurfkVbeXG4S8JFT9t19m45ICnif8zWLd5oPSZ50QnwMfK+H3jv408d4jw/7Bttv5axS5IiHoLaVNHeQ==}
    dev: false

  /postcss@8.4.33:
    resolution: {integrity: sha512-Kkpbhhdjw2qQs2O2DGX+8m5OVqEcbB9HRBvuYM9pgrjEFUg30A9LmXNlTAUj4S9kgtGyrMbTzVjH7E+s5Re2yg==}
    engines: {node: ^10 || ^12 || >=14}
    dependencies:
      nanoid: 3.3.7
      picocolors: 1.0.0
      source-map-js: 1.0.2
    dev: false

  /prettier@3.1.1:
    resolution: {integrity: sha512-22UbSzg8luF4UuZtzgiUOfcGM8s4tjBv6dJRT7j275NXsy2jb4aJa4NNveul5x4eqlF1wuhuR2RElK71RvmVaw==}
    engines: {node: '>=14'}
    hasBin: true
    dev: true

  /source-map-js@1.0.2:
    resolution: {integrity: sha512-R0XvVJ9WusLiqTCEiGCmICCMplcCkIwwR11mOSD9CR5u+IXYdiseeEuXCVAjS54zqwkLcPNnmU4OeJ6tUrWhDw==}
    engines: {node: '>=0.10.0'}
    dev: false

  /update-browserslist-db@1.0.13(browserslist@4.22.2):
    resolution: {integrity: sha512-xebP81SNcPuNpPP3uzeW1NYXxI3rxyJzF3pD6sH4jE7o/IX+WtSpwnVU+qIsDPyk0d3hmFQ7mjqc6AtV604hbg==}
    hasBin: true
    peerDependencies:
      browserslist: '>= 4.21.0'
    dependencies:
      browserslist: 4.22.2
      escalade: 3.1.1
      picocolors: 1.0.0
    dev: false

  /util-deprecate@1.0.2:
    resolution: {integrity: sha512-EPD5q1uXyFxJpCrLnCc1nHnq3gOa6DZBocAIiI2TaSCA7VCJ1UJDMagCzIkXNsUYfD1daK//LTEQ8xiIbrHtcw==}
    dev: false
